PODS:
  - CryptoSwift (0.3)
  - SwiftDDP (0.2.2):
    - CryptoSwift (~> 0.3)
    - SwiftWebSocket (~> 2.6.0)
    - XCGLogger
  - SwiftWebSocket (2.6.0)
  - XCGLogger (3.2)

DEPENDENCIES:
  - SwiftDDP (~> 0.2.2)
  - XCGLogger

SPEC CHECKSUMS:
  CryptoSwift: 19d29910d88440fcb132761d9ab57e175f1b0d0e
  SwiftDDP: 100a5ab2c7b5263009c65683ae6e6e426df72492
  SwiftWebSocket: c24c0dde0b33852f478ffb54226408bfe703b26b
  XCGLogger: da1f341f4bb8979db6e1df64232f04d9698402d4

COCOAPODS: 0.39.0
