<?xml version="1.0" encoding="UTF-8"?>
<!DOCTYPE plist PUBLIC "-//Apple//DTD PLIST 1.0//EN" "http://www.apple.com/DTDs/PropertyList-1.0.dtd">
<plist version="1.0">
<dict>
	<key>archiveVersion</key>
	<string>1</string>
	<key>classes</key>
	<dict/>
	<key>objectVersion</key>
	<string>46</string>
	<key>objects</key>
	<dict>
		<key>378B2608536512CA43083052</key>
		<dict>
			<key>explicitFileType</key>
			<string>wrapper.framework</string>
			<key>includeInIndex</key>
			<string>0</string>
			<key>isa</key>
			<string>PBXFileReference</string>
			<key>path</key>
			<string>Pods_SwiftTodos.framework</string>
			<key>sourceTree</key>
			<string>BUILT_PRODUCTS_DIR</string>
		</dict>
		<key>400CC85CCE2075E107F655E2</key>
		<dict>
			<key>buildActionMask</key>
			<string>2147483647</string>
			<key>files</key>
			<array/>
			<key>inputPaths</key>
			<array/>
			<key>isa</key>
			<string>PBXShellScriptBuildPhase</string>
			<key>name</key>
			<string>Embed Pods Frameworks</string>
			<key>outputPaths</key>
			<array/>
			<key>runOnlyForDeploymentPostprocessing</key>
			<string>0</string>
			<key>shellPath</key>
			<string>/bin/sh</string>
			<key>shellScript</key>
			<string>"${SRCROOT}/Pods/Target Support Files/Pods-SwiftTodos/Pods-SwiftTodos-frameworks.sh"
</string>
			<key>showEnvVarsInLog</key>
			<string>0</string>
		</dict>
		<key>90CE865E0E623A3D60531FB9</key>
		<dict>
			<key>fileRef</key>
			<string>378B2608536512CA43083052</string>
			<key>isa</key>
			<string>PBXBuildFile</string>
		</dict>
		<key>916E0E94D73639A603B41CFC</key>
		<dict>
			<key>includeInIndex</key>
			<string>1</string>
			<key>isa</key>
			<string>PBXFileReference</string>
			<key>lastKnownFileType</key>
			<string>text.xcconfig</string>
			<key>name</key>
			<string>Pods-SwiftTodos.debug.xcconfig</string>
			<key>path</key>
			<string>Pods/Target Support Files/Pods-SwiftTodos/Pods-SwiftTodos.debug.xcconfig</string>
			<key>sourceTree</key>
			<string>&lt;group&gt;</string>
		</dict>
		<key>9736C7BFDB1DFB8755DB33BE</key>
		<dict>
			<key>includeInIndex</key>
			<string>1</string>
			<key>isa</key>
			<string>PBXFileReference</string>
			<key>lastKnownFileType</key>
			<string>text.xcconfig</string>
			<key>name</key>
			<string>Pods-SwiftTodos.release.xcconfig</string>
			<key>path</key>
			<string>Pods/Target Support Files/Pods-SwiftTodos/Pods-SwiftTodos.release.xcconfig</string>
			<key>sourceTree</key>
			<string>&lt;group&gt;</string>
		</dict>
		<key>D05BDCCF1BD16FFE00968B5D</key>
		<dict>
			<key>children</key>
			<array>
				<string>D0D00F491BE2583C00457CB3</string>
				<string>D0D00F401BE2583200457CB3</string>
				<string>D05BDCDA1BD16FFE00968B5D</string>
				<string>D05BDCD91BD16FFE00968B5D</string>
				<string>D3701204A14182D2E8AF5A18</string>
				<string>FDA0E316E14F7F98E392ADF6</string>
			</array>
			<key>isa</key>
			<string>PBXGroup</string>
			<key>sourceTree</key>
			<string>&lt;group&gt;</string>
		</dict>
		<key>D05BDCD01BD16FFE00968B5D</key>
		<dict>
			<key>attributes</key>
			<dict>
				<key>LastUpgradeCheck</key>
				<string>0700</string>
				<key>ORGANIZATIONNAME</key>
				<string>Peter Siegesmund</string>
				<key>TargetAttributes</key>
				<dict>
					<key>D05BDCD71BD16FFE00968B5D</key>
					<dict>
						<key>CreatedOnToolsVersion</key>
						<string>7.0</string>
					</dict>
				</dict>
			</dict>
			<key>buildConfigurationList</key>
			<string>D05BDCD31BD16FFE00968B5D</string>
			<key>compatibilityVersion</key>
			<string>Xcode 3.2</string>
			<key>developmentRegion</key>
			<string>English</string>
			<key>hasScannedForEncodings</key>
			<string>0</string>
			<key>isa</key>
			<string>PBXProject</string>
			<key>knownRegions</key>
			<array>
				<string>en</string>
				<string>Base</string>
			</array>
			<key>mainGroup</key>
			<string>D05BDCCF1BD16FFE00968B5D</string>
			<key>productRefGroup</key>
			<string>D05BDCD91BD16FFE00968B5D</string>
			<key>projectDirPath</key>
			<string></string>
			<key>projectReferences</key>
			<array>
				<dict>
					<key>ProductGroup</key>
					<string>D0B5006F1C187B7E00A62873</string>
					<key>ProjectRef</key>
					<string>D0B5006E1C187B7E00A62873</string>
				</dict>
				<dict>
					<key>ProductGroup</key>
					<string>D0D00F411BE2583200457CB3</string>
					<key>ProjectRef</key>
					<string>D0D00F401BE2583200457CB3</string>
				</dict>
				<dict>
					<key>ProductGroup</key>
					<string>D0D00F4A1BE2583C00457CB3</string>
					<key>ProjectRef</key>
					<string>D0D00F491BE2583C00457CB3</string>
				</dict>
			</array>
			<key>projectRoot</key>
			<string></string>
			<key>targets</key>
			<array>
				<string>D05BDCD71BD16FFE00968B5D</string>
			</array>
		</dict>
		<key>D05BDCD31BD16FFE00968B5D</key>
		<dict>
			<key>buildConfigurations</key>
			<array>
				<string>D05BDCE81BD16FFE00968B5D</string>
				<string>D05BDCE91BD16FFE00968B5D</string>
			</array>
			<key>defaultConfigurationIsVisible</key>
			<string>0</string>
			<key>defaultConfigurationName</key>
			<string>Release</string>
			<key>isa</key>
			<string>XCConfigurationList</string>
		</dict>
		<key>D05BDCD41BD16FFE00968B5D</key>
		<dict>
			<key>buildActionMask</key>
			<string>2147483647</string>
			<key>files</key>
			<array>
				<string>D05BDCFB1BD2A4CE00968B5D</string>
				<string>D0B500881C187D9E00A62873</string>
				<string>D0B5008C1C187D9E00A62873</string>
				<string>D0B5008A1C187D9E00A62873</string>
				<string>D05BDCF01BD18DC100968B5D</string>
				<string>D05BDCF91BD2A4A000968B5D</string>
				<string>D05BDCDC1BD16FFE00968B5D</string>
				<string>D0CF8A1E1BE2B64900EC9F12</string>
				<string>D05BDCF31BD1A06B00968B5D</string>
				<string>D0B5008B1C187D9E00A62873</string>
				<string>D0B500891C187D9E00A62873</string>
				<string>D0B500871C187D9E00A62873</string>
			</array>
			<key>isa</key>
			<string>PBXSourcesBuildPhase</string>
			<key>runOnlyForDeploymentPostprocessing</key>
			<string>0</string>
		</dict>
		<key>D05BDCD51BD16FFE00968B5D</key>
		<dict>
			<key>buildActionMask</key>
			<string>2147483647</string>
			<key>files</key>
			<array>
				<string>D0D00F5E1BE2595C00457CB3</string>
				<string>D0D00F5F1BE2595C00457CB3</string>
				<string>90CE865E0E623A3D60531FB9</string>
			</array>
			<key>isa</key>
			<string>PBXFrameworksBuildPhase</string>
			<key>runOnlyForDeploymentPostprocessing</key>
			<string>0</string>
		</dict>
		<key>D05BDCD61BD16FFE00968B5D</key>
		<dict>
			<key>buildActionMask</key>
			<string>2147483647</string>
			<key>files</key>
			<array>
				<string>D05BDCE61BD16FFE00968B5D</string>
				<string>D05BDCF71BD1A32200968B5D</string>
				<string>D05BDCE11BD16FFE00968B5D</string>
			</array>
			<key>isa</key>
			<string>PBXResourcesBuildPhase</string>
			<key>runOnlyForDeploymentPostprocessing</key>
			<string>0</string>
		</dict>
		<key>D05BDCD71BD16FFE00968B5D</key>
		<dict>
			<key>buildConfigurationList</key>
			<string>D05BDCEA1BD16FFE00968B5D</string>
			<key>buildPhases</key>
			<array>
				<string>EB1A7159F49993CC569C0E5C</string>
				<string>D05BDCD41BD16FFE00968B5D</string>
				<string>D05BDCD51BD16FFE00968B5D</string>
				<string>D05BDCD61BD16FFE00968B5D</string>
				<string>400CC85CCE2075E107F655E2</string>
				<string>E3E39A145A29ABF3266C4C94</string>
			</array>
			<key>buildRules</key>
			<array/>
			<key>dependencies</key>
			<array/>
			<key>isa</key>
			<string>PBXNativeTarget</string>
			<key>name</key>
			<string>SwiftTodos</string>
			<key>productName</key>
			<string>SwiftTodos</string>
			<key>productReference</key>
			<string>D05BDCD81BD16FFE00968B5D</string>
			<key>productType</key>
			<string>com.apple.product-type.application</string>
		</dict>
		<key>D05BDCD81BD16FFE00968B5D</key>
		<dict>
			<key>explicitFileType</key>
			<string>wrapper.application</string>
			<key>includeInIndex</key>
			<string>0</string>
			<key>isa</key>
			<string>PBXFileReference</string>
			<key>path</key>
			<string>SwiftTodos.app</string>
			<key>sourceTree</key>
			<string>BUILT_PRODUCTS_DIR</string>
		</dict>
		<key>D05BDCD91BD16FFE00968B5D</key>
		<dict>
			<key>children</key>
			<array>
				<string>D05BDCD81BD16FFE00968B5D</string>
			</array>
			<key>isa</key>
			<string>PBXGroup</string>
			<key>name</key>
			<string>Products</string>
			<key>sourceTree</key>
			<string>&lt;group&gt;</string>
		</dict>
		<key>D05BDCDA1BD16FFE00968B5D</key>
		<dict>
			<key>children</key>
			<array>
				<string>D05BDCDB1BD16FFE00968B5D</string>
				<string>D05BDCEF1BD18DC100968B5D</string>
				<string>D05BDCF21BD1A06B00968B5D</string>
				<string>D05BDCF81BD2A4A000968B5D</string>
				<string>D05BDCFA1BD2A4CE00968B5D</string>
				<string>D0B5008D1C187DAB00A62873</string>
				<string>D0CF8A1C1BE2B64900EC9F12</string>
				<string>D05BDCDF1BD16FFE00968B5D</string>
				<string>D05BDCF61BD1A32200968B5D</string>
				<string>D05BDCE41BD16FFE00968B5D</string>
				<string>D05BDCE71BD16FFE00968B5D</string>
			</array>
			<key>isa</key>
			<string>PBXGroup</string>
			<key>path</key>
			<string>SwiftTodos</string>
			<key>sourceTree</key>
			<string>&lt;group&gt;</string>
		</dict>
		<key>D05BDCDB1BD16FFE00968B5D</key>
		<dict>
			<key>isa</key>
			<string>PBXFileReference</string>
			<key>lastKnownFileType</key>
			<string>sourcecode.swift</string>
			<key>path</key>
			<string>AppDelegate.swift</string>
			<key>sourceTree</key>
			<string>&lt;group&gt;</string>
		</dict>
		<key>D05BDCDC1BD16FFE00968B5D</key>
		<dict>
			<key>fileRef</key>
			<string>D05BDCDB1BD16FFE00968B5D</string>
			<key>isa</key>
			<string>PBXBuildFile</string>
		</dict>
		<key>D05BDCDF1BD16FFE00968B5D</key>
		<dict>
			<key>children</key>
			<array>
				<string>D05BDCE01BD16FFE00968B5D</string>
			</array>
			<key>isa</key>
			<string>PBXVariantGroup</string>
			<key>name</key>
			<string>Main.storyboard</string>
			<key>sourceTree</key>
			<string>&lt;group&gt;</string>
		</dict>
		<key>D05BDCE01BD16FFE00968B5D</key>
		<dict>
			<key>isa</key>
			<string>PBXFileReference</string>
			<key>lastKnownFileType</key>
			<string>file.storyboard</string>
			<key>name</key>
			<string>Base</string>
			<key>path</key>
			<string>Base.lproj/Main.storyboard</string>
			<key>sourceTree</key>
			<string>&lt;group&gt;</string>
		</dict>
		<key>D05BDCE11BD16FFE00968B5D</key>
		<dict>
			<key>fileRef</key>
			<string>D05BDCDF1BD16FFE00968B5D</string>
			<key>isa</key>
			<string>PBXBuildFile</string>
		</dict>
		<key>D05BDCE41BD16FFE00968B5D</key>
		<dict>
			<key>children</key>
			<array>
				<string>D05BDCE51BD16FFE00968B5D</string>
			</array>
			<key>isa</key>
			<string>PBXVariantGroup</string>
			<key>name</key>
			<string>LaunchScreen.storyboard</string>
			<key>sourceTree</key>
			<string>&lt;group&gt;</string>
		</dict>
		<key>D05BDCE51BD16FFE00968B5D</key>
		<dict>
			<key>isa</key>
			<string>PBXFileReference</string>
			<key>lastKnownFileType</key>
			<string>file.storyboard</string>
			<key>name</key>
			<string>Base</string>
			<key>path</key>
			<string>Base.lproj/LaunchScreen.storyboard</string>
			<key>sourceTree</key>
			<string>&lt;group&gt;</string>
		</dict>
		<key>D05BDCE61BD16FFE00968B5D</key>
		<dict>
			<key>fileRef</key>
			<string>D05BDCE41BD16FFE00968B5D</string>
			<key>isa</key>
			<string>PBXBuildFile</string>
		</dict>
		<key>D05BDCE71BD16FFE00968B5D</key>
		<dict>
			<key>isa</key>
			<string>PBXFileReference</string>
			<key>lastKnownFileType</key>
			<string>text.plist.xml</string>
			<key>path</key>
			<string>Info.plist</string>
			<key>sourceTree</key>
			<string>&lt;group&gt;</string>
		</dict>
		<key>D05BDCE81BD16FFE00968B5D</key>
		<dict>
			<key>buildSettings</key>
			<dict>
				<key>ALWAYS_SEARCH_USER_PATHS</key>
				<string>NO</string>
				<key>CLANG_CXX_LANGUAGE_STANDARD</key>
				<string>gnu++0x</string>
				<key>CLANG_CXX_LIBRARY</key>
				<string>libc++</string>
				<key>CLANG_ENABLE_MODULES</key>
				<string>YES</string>
				<key>CLANG_ENABLE_OBJC_ARC</key>
				<string>YES</string>
				<key>CLANG_WARN_BOOL_CONVERSION</key>
				<string>YES</string>
				<key>CLANG_WARN_CONSTANT_CONVERSION</key>
				<string>YES</string>
				<key>CLANG_WARN_DIRECT_OBJC_ISA_USAGE</key>
				<string>YES_ERROR</string>
				<key>CLANG_WARN_EMPTY_BODY</key>
				<string>YES</string>
				<key>CLANG_WARN_ENUM_CONVERSION</key>
				<string>YES</string>
				<key>CLANG_WARN_INT_CONVERSION</key>
				<string>YES</string>
				<key>CLANG_WARN_OBJC_ROOT_CLASS</key>
				<string>YES_ERROR</string>
				<key>CLANG_WARN_UNREACHABLE_CODE</key>
				<string>YES</string>
				<key>CLANG_WARN__DUPLICATE_METHOD_MATCH</key>
				<string>YES</string>
				<key>CODE_SIGN_IDENTITY[sdk=iphoneos*]</key>
				<string>iPhone Developer</string>
				<key>COPY_PHASE_STRIP</key>
				<string>NO</string>
				<key>DEBUG_INFORMATION_FORMAT</key>
				<string>dwarf</string>
				<key>ENABLE_STRICT_OBJC_MSGSEND</key>
				<string>YES</string>
				<key>ENABLE_TESTABILITY</key>
				<string>YES</string>
				<key>GCC_C_LANGUAGE_STANDARD</key>
				<string>gnu99</string>
				<key>GCC_DYNAMIC_NO_PIC</key>
				<string>NO</string>
				<key>GCC_NO_COMMON_BLOCKS</key>
				<string>YES</string>
				<key>GCC_OPTIMIZATION_LEVEL</key>
				<string>0</string>
				<key>GCC_PREPROCESSOR_DEFINITIONS</key>
				<array>
					<string>DEBUG=1</string>
					<string>$(inherited)</string>
				</array>
				<key>GCC_WARN_64_TO_32_BIT_CONVERSION</key>
				<string>YES</string>
				<key>GCC_WARN_ABOUT_RETURN_TYPE</key>
				<string>YES_ERROR</string>
				<key>GCC_WARN_UNDECLARED_SELECTOR</key>
				<string>YES</string>
				<key>GCC_WARN_UNINITIALIZED_AUTOS</key>
				<string>YES_AGGRESSIVE</string>
				<key>GCC_WARN_UNUSED_FUNCTION</key>
				<string>YES</string>
				<key>GCC_WARN_UNUSED_VARIABLE</key>
				<string>YES</string>
				<key>IPHONEOS_DEPLOYMENT_TARGET</key>
				<string>9.0</string>
				<key>MTL_ENABLE_DEBUG_INFO</key>
				<string>YES</string>
				<key>ONLY_ACTIVE_ARCH</key>
				<string>YES</string>
				<key>SDKROOT</key>
				<string>iphoneos</string>
				<key>SWIFT_OPTIMIZATION_LEVEL</key>
				<string>-Onone</string>
				<key>TARGETED_DEVICE_FAMILY</key>
				<string>1,2</string>
			</dict>
			<key>isa</key>
			<string>XCBuildConfiguration</string>
			<key>name</key>
			<string>Debug</string>
		</dict>
		<key>D05BDCE91BD16FFE00968B5D</key>
		<dict>
			<key>buildSettings</key>
			<dict>
				<key>ALWAYS_SEARCH_USER_PATHS</key>
				<string>NO</string>
				<key>CLANG_CXX_LANGUAGE_STANDARD</key>
				<string>gnu++0x</string>
				<key>CLANG_CXX_LIBRARY</key>
				<string>libc++</string>
				<key>CLANG_ENABLE_MODULES</key>
				<string>YES</string>
				<key>CLANG_ENABLE_OBJC_ARC</key>
				<string>YES</string>
				<key>CLANG_WARN_BOOL_CONVERSION</key>
				<string>YES</string>
				<key>CLANG_WARN_CONSTANT_CONVERSION</key>
				<string>YES</string>
				<key>CLANG_WARN_DIRECT_OBJC_ISA_USAGE</key>
				<string>YES_ERROR</string>
				<key>CLANG_WARN_EMPTY_BODY</key>
				<string>YES</string>
				<key>CLANG_WARN_ENUM_CONVERSION</key>
				<string>YES</string>
				<key>CLANG_WARN_INT_CONVERSION</key>
				<string>YES</string>
				<key>CLANG_WARN_OBJC_ROOT_CLASS</key>
				<string>YES_ERROR</string>
				<key>CLANG_WARN_UNREACHABLE_CODE</key>
				<string>YES</string>
				<key>CLANG_WARN__DUPLICATE_METHOD_MATCH</key>
				<string>YES</string>
				<key>CODE_SIGN_IDENTITY[sdk=iphoneos*]</key>
				<string>iPhone Developer</string>
				<key>COPY_PHASE_STRIP</key>
				<string>NO</string>
				<key>DEBUG_INFORMATION_FORMAT</key>
				<string>dwarf-with-dsym</string>
				<key>ENABLE_NS_ASSERTIONS</key>
				<string>NO</string>
				<key>ENABLE_STRICT_OBJC_MSGSEND</key>
				<string>YES</string>
				<key>GCC_C_LANGUAGE_STANDARD</key>
				<string>gnu99</string>
				<key>GCC_NO_COMMON_BLOCKS</key>
				<string>YES</string>
				<key>GCC_WARN_64_TO_32_BIT_CONVERSION</key>
				<string>YES</string>
				<key>GCC_WARN_ABOUT_RETURN_TYPE</key>
				<string>YES_ERROR</string>
				<key>GCC_WARN_UNDECLARED_SELECTOR</key>
				<string>YES</string>
				<key>GCC_WARN_UNINITIALIZED_AUTOS</key>
				<string>YES_AGGRESSIVE</string>
				<key>GCC_WARN_UNUSED_FUNCTION</key>
				<string>YES</string>
				<key>GCC_WARN_UNUSED_VARIABLE</key>
				<string>YES</string>
				<key>IPHONEOS_DEPLOYMENT_TARGET</key>
				<string>9.0</string>
				<key>MTL_ENABLE_DEBUG_INFO</key>
				<string>NO</string>
				<key>SDKROOT</key>
				<string>iphoneos</string>
				<key>TARGETED_DEVICE_FAMILY</key>
				<string>1,2</string>
				<key>VALIDATE_PRODUCT</key>
				<string>YES</string>
			</dict>
			<key>isa</key>
			<string>XCBuildConfiguration</string>
			<key>name</key>
			<string>Release</string>
		</dict>
		<key>D05BDCEA1BD16FFE00968B5D</key>
		<dict>
			<key>buildConfigurations</key>
			<array>
				<string>D05BDCEB1BD16FFE00968B5D</string>
				<string>D05BDCEC1BD16FFE00968B5D</string>
			</array>
			<key>defaultConfigurationIsVisible</key>
			<string>0</string>
			<key>defaultConfigurationName</key>
			<string>Release</string>
			<key>isa</key>
			<string>XCConfigurationList</string>
		</dict>
		<key>D05BDCEB1BD16FFE00968B5D</key>
		<dict>
			<key>baseConfigurationReference</key>
			<string>916E0E94D73639A603B41CFC</string>
			<key>buildSettings</key>
			<dict>
				<key>ASSETCATALOG_COMPILER_APPICON_NAME</key>
				<string>AppIcon</string>
				<key>FRAMEWORK_SEARCH_PATHS</key>
				<array>
					<string>$(inherited)</string>
					<string>$(PROJECT_DIR)/Carthage/Build/iOS</string>
				</array>
				<key>INFOPLIST_FILE</key>
				<string>SwiftTodos/Info.plist</string>
				<key>IPHONEOS_DEPLOYMENT_TARGET</key>
				<string>9.0</string>
				<key>LD_RUNPATH_SEARCH_PATHS</key>
				<string>$(inherited) @executable_path/Frameworks</string>
				<key>PRODUCT_BUNDLE_IDENTIFIER</key>
				<string>io.houndfish.SwiftTodos</string>
				<key>PRODUCT_NAME</key>
				<string>$(TARGET_NAME)</string>
			</dict>
			<key>isa</key>
			<string>XCBuildConfiguration</string>
			<key>name</key>
			<string>Debug</string>
		</dict>
		<key>D05BDCEC1BD16FFE00968B5D</key>
		<dict>
			<key>baseConfigurationReference</key>
			<string>9736C7BFDB1DFB8755DB33BE</string>
			<key>buildSettings</key>
			<dict>
				<key>ASSETCATALOG_COMPILER_APPICON_NAME</key>
				<string>AppIcon</string>
				<key>FRAMEWORK_SEARCH_PATHS</key>
				<array>
					<string>$(inherited)</string>
					<string>$(PROJECT_DIR)/Carthage/Build/iOS</string>
				</array>
				<key>INFOPLIST_FILE</key>
				<string>SwiftTodos/Info.plist</string>
				<key>IPHONEOS_DEPLOYMENT_TARGET</key>
				<string>9.0</string>
				<key>LD_RUNPATH_SEARCH_PATHS</key>
				<string>$(inherited) @executable_path/Frameworks</string>
				<key>PRODUCT_BUNDLE_IDENTIFIER</key>
				<string>io.houndfish.SwiftTodos</string>
				<key>PRODUCT_NAME</key>
				<string>$(TARGET_NAME)</string>
			</dict>
			<key>isa</key>
			<string>XCBuildConfiguration</string>
			<key>name</key>
			<string>Release</string>
		</dict>
		<key>D05BDCEF1BD18DC100968B5D</key>
		<dict>
			<key>fileEncoding</key>
			<string>4</string>
			<key>isa</key>
			<string>PBXFileReference</string>
			<key>lastKnownFileType</key>
			<string>sourcecode.swift</string>
			<key>path</key>
			<string>Lists.swift</string>
			<key>sourceTree</key>
			<string>&lt;group&gt;</string>
		</dict>
		<key>D05BDCF01BD18DC100968B5D</key>
		<dict>
			<key>fileRef</key>
			<string>D05BDCEF1BD18DC100968B5D</string>
			<key>isa</key>
			<string>PBXBuildFile</string>
			<key>settings</key>
			<dict>
				<key>ASSET_TAGS</key>
				<array/>
			</dict>
		</dict>
		<key>D05BDCF21BD1A06B00968B5D</key>
		<dict>
			<key>fileEncoding</key>
			<string>4</string>
			<key>isa</key>
			<string>PBXFileReference</string>
			<key>lastKnownFileType</key>
			<string>sourcecode.swift</string>
			<key>path</key>
			<string>Todos.swift</string>
			<key>sourceTree</key>
			<string>&lt;group&gt;</string>
		</dict>
		<key>D05BDCF31BD1A06B00968B5D</key>
		<dict>
			<key>fileRef</key>
			<string>D05BDCF21BD1A06B00968B5D</string>
			<key>isa</key>
			<string>PBXBuildFile</string>
			<key>settings</key>
			<dict>
				<key>ASSET_TAGS</key>
				<array/>
			</dict>
		</dict>
		<key>D05BDCF61BD1A32200968B5D</key>
		<dict>
			<key>isa</key>
			<string>PBXFileReference</string>
			<key>lastKnownFileType</key>
			<string>folder.assetcatalog</string>
			<key>name</key>
			<string>Assets.xcassets</string>
			<key>path</key>
			<string>../Assets.xcassets</string>
			<key>sourceTree</key>
			<string>&lt;group&gt;</string>
		</dict>
		<key>D05BDCF71BD1A32200968B5D</key>
		<dict>
			<key>fileRef</key>
			<string>D05BDCF61BD1A32200968B5D</string>
			<key>isa</key>
			<string>PBXBuildFile</string>
			<key>settings</key>
			<dict>
				<key>ASSET_TAGS</key>
				<array/>
			</dict>
		</dict>
		<key>D05BDCF81BD2A4A000968B5D</key>
		<dict>
			<key>fileEncoding</key>
			<string>4</string>
			<key>isa</key>
			<string>PBXFileReference</string>
			<key>lastKnownFileType</key>
			<string>sourcecode.swift</string>
			<key>path</key>
			<string>SignIn.swift</string>
			<key>sourceTree</key>
			<string>&lt;group&gt;</string>
		</dict>
		<key>D05BDCF91BD2A4A000968B5D</key>
		<dict>
			<key>fileRef</key>
			<string>D05BDCF81BD2A4A000968B5D</string>
			<key>isa</key>
			<string>PBXBuildFile</string>
			<key>settings</key>
			<dict>
				<key>ASSET_TAGS</key>
				<array/>
			</dict>
		</dict>
		<key>D05BDCFA1BD2A4CE00968B5D</key>
		<dict>
			<key>fileEncoding</key>
			<string>4</string>
			<key>isa</key>
			<string>PBXFileReference</string>
			<key>lastKnownFileType</key>
			<string>sourcecode.swift</string>
			<key>path</key>
			<string>SignUp.swift</string>
			<key>sourceTree</key>
			<string>&lt;group&gt;</string>
		</dict>
		<key>D05BDCFB1BD2A4CE00968B5D</key>
		<dict>
			<key>fileRef</key>
			<string>D05BDCFA1BD2A4CE00968B5D</string>
			<key>isa</key>
			<string>PBXBuildFile</string>
			<key>settings</key>
			<dict>
				<key>ASSET_TAGS</key>
				<array/>
			</dict>
		</dict>
		<key>D0B5006E1C187B7E00A62873</key>
		<dict>
			<key>isa</key>
			<string>PBXFileReference</string>
			<key>lastKnownFileType</key>
			<string>wrapper.pb-project</string>
			<key>name</key>
			<string>MeteorCoreData.xcodeproj</string>
			<key>path</key>
			<string>MeteorCoreData/MeteorCoreData.xcodeproj</string>
			<key>sourceTree</key>
			<string>&lt;group&gt;</string>
		</dict>
		<key>D0B5006F1C187B7E00A62873</key>
		<dict>
			<key>children</key>
			<array>
				<string>D0B500731C187B7E00A62873</string>
			</array>
			<key>isa</key>
			<string>PBXGroup</string>
			<key>name</key>
			<string>Products</string>
			<key>sourceTree</key>
			<string>&lt;group&gt;</string>
		</dict>
		<key>D0B500721C187B7E00A62873</key>
		<dict>
			<key>containerPortal</key>
			<string>D0B5006E1C187B7E00A62873</string>
			<key>isa</key>
			<string>PBXContainerItemProxy</string>
			<key>proxyType</key>
			<string>2</string>
			<key>remoteGlobalIDString</key>
			<string>D0B1CA0C1BFD32CB0022312F</string>
			<key>remoteInfo</key>
			<string>MeteorCoreData</string>
		</dict>
		<key>D0B500731C187B7E00A62873</key>
		<dict>
			<key>fileType</key>
			<string>wrapper.framework</string>
			<key>isa</key>
			<string>PBXReferenceProxy</string>
			<key>path</key>
			<string>MeteorCoreData.framework</string>
			<key>remoteRef</key>
			<string>D0B500721C187B7E00A62873</string>
			<key>sourceTree</key>
			<string>BUILT_PRODUCTS_DIR</string>
		</dict>
		<key>D0B500811C187D9E00A62873</key>
		<dict>
			<key>fileEncoding</key>
			<string>4</string>
			<key>isa</key>
			<string>PBXFileReference</string>
			<key>lastKnownFileType</key>
			<string>sourcecode.swift</string>
			<key>path</key>
			<string>MeteorCoreDataTableViewController.swift</string>
			<key>sourceTree</key>
			<string>&lt;group&gt;</string>
		</dict>
		<key>D0B500821C187D9E00A62873</key>
		<dict>
			<key>fileEncoding</key>
			<string>4</string>
			<key>isa</key>
			<string>PBXFileReference</string>
			<key>lastKnownFileType</key>
			<string>sourcecode.swift</string>
			<key>path</key>
			<string>MeteorCoreDataStack.swift</string>
			<key>sourceTree</key>
			<string>&lt;group&gt;</string>
		</dict>
		<key>D0B500831C187D9E00A62873</key>
		<dict>
			<key>fileEncoding</key>
			<string>4</string>
			<key>isa</key>
			<string>PBXFileReference</string>
			<key>lastKnownFileType</key>
			<string>sourcecode.swift</string>
			<key>path</key>
			<string>MeteorCoreDataCollection.swift</string>
			<key>sourceTree</key>
			<string>&lt;group&gt;</string>
		</dict>
		<key>D0B500841C187D9E00A62873</key>
		<dict>
			<key>fileEncoding</key>
			<string>4</string>
			<key>isa</key>
			<string>PBXFileReference</string>
			<key>lastKnownFileType</key>
			<string>sourcecode.swift</string>
			<key>path</key>
			<string>MeteorCoreData.swift</string>
			<key>sourceTree</key>
			<string>&lt;group&gt;</string>
		</dict>
		<key>D0B500851C187D9E00A62873</key>
		<dict>
			<key>fileEncoding</key>
			<string>4</string>
			<key>isa</key>
			<string>PBXFileReference</string>
			<key>lastKnownFileType</key>
			<string>sourcecode.swift</string>
			<key>path</key>
			<string>MeteorCollectionChange.swift</string>
			<key>sourceTree</key>
			<string>&lt;group&gt;</string>
		</dict>
		<key>D0B500861C187D9E00A62873</key>
		<dict>
			<key>fileEncoding</key>
			<string>4</string>
			<key>isa</key>
			<string>PBXFileReference</string>
			<key>lastKnownFileType</key>
			<string>sourcecode.swift</string>
			<key>path</key>
			<string>CoreDataExtensions.swift</string>
			<key>sourceTree</key>
			<string>&lt;group&gt;</string>
		</dict>
		<key>D0B500871C187D9E00A62873</key>
		<dict>
			<key>fileRef</key>
			<string>D0B500811C187D9E00A62873</string>
			<key>isa</key>
			<string>PBXBuildFile</string>
			<key>settings</key>
			<dict>
				<key>ASSET_TAGS</key>
				<array/>
			</dict>
		</dict>
		<key>D0B500881C187D9E00A62873</key>
		<dict>
			<key>fileRef</key>
			<string>D0B500821C187D9E00A62873</string>
			<key>isa</key>
			<string>PBXBuildFile</string>
			<key>settings</key>
			<dict>
				<key>ASSET_TAGS</key>
				<array/>
			</dict>
		</dict>
		<key>D0B500891C187D9E00A62873</key>
		<dict>
			<key>fileRef</key>
			<string>D0B500831C187D9E00A62873</string>
			<key>isa</key>
			<string>PBXBuildFile</string>
			<key>settings</key>
			<dict>
				<key>ASSET_TAGS</key>
				<array/>
			</dict>
		</dict>
		<key>D0B5008A1C187D9E00A62873</key>
		<dict>
			<key>fileRef</key>
			<string>D0B500841C187D9E00A62873</string>
			<key>isa</key>
			<string>PBXBuildFile</string>
			<key>settings</key>
			<dict>
				<key>ASSET_TAGS</key>
				<array/>
			</dict>
		</dict>
		<key>D0B5008B1C187D9E00A62873</key>
		<dict>
			<key>fileRef</key>
			<string>D0B500851C187D9E00A62873</string>
			<key>isa</key>
			<string>PBXBuildFile</string>
			<key>settings</key>
			<dict>
				<key>ASSET_TAGS</key>
				<array/>
			</dict>
		</dict>
		<key>D0B5008C1C187D9E00A62873</key>
		<dict>
			<key>fileRef</key>
			<string>D0B500861C187D9E00A62873</string>
			<key>isa</key>
			<string>PBXBuildFile</string>
			<key>settings</key>
			<dict>
				<key>ASSET_TAGS</key>
				<array/>
			</dict>
		</dict>
		<key>D0B5008D1C187DAB00A62873</key>
		<dict>
			<key>children</key>
			<array>
				<string>D0B500811C187D9E00A62873</string>
				<string>D0B500821C187D9E00A62873</string>
				<string>D0B500831C187D9E00A62873</string>
				<string>D0B500841C187D9E00A62873</string>
				<string>D0B500851C187D9E00A62873</string>
				<string>D0B500861C187D9E00A62873</string>
			</array>
			<key>isa</key>
			<string>PBXGroup</string>
			<key>name</key>
			<string>MeteorCoreData</string>
			<key>sourceTree</key>
			<string>&lt;group&gt;</string>
		</dict>
		<key>D0C736541BDAD2F700C28114</key>
		<dict>
			<key>isa</key>
			<string>PBXFileReference</string>
			<key>lastKnownFileType</key>
			<string>wrapper.framework</string>
			<key>name</key>
			<string>CryptoSwift.framework</string>
			<key>path</key>
			<string>Carthage/Build/iOS/CryptoSwift.framework</string>
			<key>sourceTree</key>
			<string>&lt;group&gt;</string>
		</dict>
		<key>D0C736561BDAD2FD00C28114</key>
		<dict>
			<key>isa</key>
			<string>PBXFileReference</string>
			<key>lastKnownFileType</key>
			<string>wrapper.framework</string>
			<key>name</key>
			<string>Realm.framework</string>
			<key>path</key>
			<string>Carthage/Build/iOS/Realm.framework</string>
			<key>sourceTree</key>
			<string>&lt;group&gt;</string>
		</dict>
		<key>D0C736571BDAD2FD00C28114</key>
		<dict>
			<key>isa</key>
			<string>PBXFileReference</string>
			<key>lastKnownFileType</key>
			<string>wrapper.framework</string>
			<key>name</key>
			<string>RealmSwift.framework</string>
			<key>path</key>
			<string>Carthage/Build/iOS/RealmSwift.framework</string>
			<key>sourceTree</key>
			<string>&lt;group&gt;</string>
		</dict>
		<key>D0C7365A1BDAD30400C28114</key>
		<dict>
			<key>isa</key>
			<string>PBXFileReference</string>
			<key>lastKnownFileType</key>
			<string>wrapper.framework</string>
			<key>name</key>
			<string>SwiftWebSocket.framework</string>
			<key>path</key>
			<string>Carthage/Build/iOS/SwiftWebSocket.framework</string>
			<key>sourceTree</key>
			<string>&lt;group&gt;</string>
		</dict>
		<key>D0C7365C1BDAD30A00C28114</key>
		<dict>
			<key>isa</key>
			<string>PBXFileReference</string>
			<key>lastKnownFileType</key>
			<string>wrapper.framework</string>
			<key>name</key>
			<string>XCGLogger.framework</string>
			<key>path</key>
			<string>Carthage/Build/iOS/XCGLogger.framework</string>
			<key>sourceTree</key>
			<string>&lt;group&gt;</string>
		</dict>
		<key>D0CF8A1C1BE2B64900EC9F12</key>
		<dict>
			<key>children</key>
			<array>
				<string>D0CF8A1D1BE2B64900EC9F12</string>
			</array>
			<key>currentVersion</key>
			<string>D0CF8A1D1BE2B64900EC9F12</string>
			<key>isa</key>
			<string>XCVersionGroup</string>
			<key>path</key>
			<string>MeteorCoreData.xcdatamodeld</string>
			<key>sourceTree</key>
			<string>&lt;group&gt;</string>
			<key>versionGroupType</key>
			<string>wrapper.xcdatamodel</string>
		</dict>
		<key>D0CF8A1D1BE2B64900EC9F12</key>
		<dict>
			<key>isa</key>
			<string>PBXFileReference</string>
			<key>lastKnownFileType</key>
			<string>wrapper.xcdatamodel</string>
			<key>path</key>
			<string>MeteorCoreData.xcdatamodel</string>
			<key>sourceTree</key>
			<string>&lt;group&gt;</string>
		</dict>
		<key>D0CF8A1E1BE2B64900EC9F12</key>
		<dict>
			<key>fileRef</key>
			<string>D0CF8A1C1BE2B64900EC9F12</string>
			<key>isa</key>
			<string>PBXBuildFile</string>
			<key>settings</key>
			<dict>
				<key>ASSET_TAGS</key>
				<array/>
			</dict>
		</dict>
		<key>D0D00F401BE2583200457CB3</key>
		<dict>
			<key>isa</key>
			<string>PBXFileReference</string>
			<key>lastKnownFileType</key>
			<string>wrapper.pb-project</string>
			<key>name</key>
			<string>SwiftDDP.xcodeproj</string>
			<key>path</key>
			<string>SwiftDDP/SwiftDDP.xcodeproj</string>
			<key>sourceTree</key>
			<string>&lt;group&gt;</string>
		</dict>
		<key>D0D00F411BE2583200457CB3</key>
		<dict>
			<key>children</key>
			<array>
				<string>D0D00F461BE2583200457CB3</string>
				<string>D0D00F481BE2583200457CB3</string>
			</array>
			<key>isa</key>
			<string>PBXGroup</string>
			<key>name</key>
			<string>Products</string>
			<key>sourceTree</key>
			<string>&lt;group&gt;</string>
		</dict>
		<key>D0D00F451BE2583200457CB3</key>
		<dict>
			<key>containerPortal</key>
			<string>D0D00F401BE2583200457CB3</string>
			<key>isa</key>
			<string>PBXContainerItemProxy</string>
			<key>proxyType</key>
			<string>2</string>
			<key>remoteGlobalIDString</key>
			<string>D02A71DC1BBEFBCA00940C17</string>
			<key>remoteInfo</key>
			<string>SwiftDDP</string>
		</dict>
		<key>D0D00F461BE2583200457CB3</key>
		<dict>
			<key>fileType</key>
			<string>wrapper.framework</string>
			<key>isa</key>
			<string>PBXReferenceProxy</string>
			<key>path</key>
			<string>SwiftDDP.framework</string>
			<key>remoteRef</key>
			<string>D0D00F451BE2583200457CB3</string>
			<key>sourceTree</key>
			<string>BUILT_PRODUCTS_DIR</string>
		</dict>
		<key>D0D00F471BE2583200457CB3</key>
		<dict>
			<key>containerPortal</key>
			<string>D0D00F401BE2583200457CB3</string>
			<key>isa</key>
			<string>PBXContainerItemProxy</string>
			<key>proxyType</key>
			<string>2</string>
			<key>remoteGlobalIDString</key>
			<string>D02A72531BBF07AF00940C17</string>
			<key>remoteInfo</key>
			<string>SwiftDDPTests</string>
		</dict>
		<key>D0D00F481BE2583200457CB3</key>
		<dict>
			<key>fileType</key>
			<string>wrapper.cfbundle</string>
			<key>isa</key>
			<string>PBXReferenceProxy</string>
			<key>path</key>
			<string>SwiftDDPTests.xctest</string>
			<key>remoteRef</key>
			<string>D0D00F471BE2583200457CB3</string>
			<key>sourceTree</key>
			<string>BUILT_PRODUCTS_DIR</string>
		</dict>
		<key>D0D00F491BE2583C00457CB3</key>
		<dict>
			<key>isa</key>
			<string>PBXFileReference</string>
			<key>lastKnownFileType</key>
			<string>wrapper.pb-project</string>
			<key>name</key>
			<string>XCGLogger.xcodeproj</string>
			<key>path</key>
			<string>XCGLogger/XCGLogger/Library/XCGLogger.xcodeproj</string>
			<key>sourceTree</key>
			<string>&lt;group&gt;</string>
		</dict>
		<key>D0D00F4A1BE2583C00457CB3</key>
		<dict>
			<key>children</key>
			<array>
				<string>D0D00F531BE2583C00457CB3</string>
				<string>D0D00F551BE2583C00457CB3</string>
				<string>D0D00F571BE2583C00457CB3</string>
				<string>D0D00F591BE2583C00457CB3</string>
				<string>D0D00F5B1BE2583C00457CB3</string>
				<string>D0D00F5D1BE2583C00457CB3</string>
			</array>
			<key>isa</key>
			<string>PBXGroup</string>
			<key>name</key>
			<string>Products</string>
			<key>sourceTree</key>
			<string>&lt;group&gt;</string>
		</dict>
		<key>D0D00F521BE2583C00457CB3</key>
		<dict>
			<key>containerPortal</key>
			<string>D0D00F491BE2583C00457CB3</string>
			<key>isa</key>
			<string>PBXContainerItemProxy</string>
			<key>proxyType</key>
			<string>2</string>
			<key>remoteGlobalIDString</key>
			<string>55E3EE4519D76F280068C3A7</string>
			<key>remoteInfo</key>
			<string>XCGLogger (iOS)</string>
		</dict>
		<key>D0D00F531BE2583C00457CB3</key>
		<dict>
			<key>fileType</key>
			<string>wrapper.framework</string>
			<key>isa</key>
			<string>PBXReferenceProxy</string>
			<key>path</key>
			<string>XCGLogger.framework</string>
			<key>remoteRef</key>
			<string>D0D00F521BE2583C00457CB3</string>
			<key>sourceTree</key>
			<string>BUILT_PRODUCTS_DIR</string>
		</dict>
		<key>D0D00F541BE2583C00457CB3</key>
		<dict>
			<key>containerPortal</key>
			<string>D0D00F491BE2583C00457CB3</string>
			<key>isa</key>
			<string>PBXContainerItemProxy</string>
			<key>proxyType</key>
			<string>2</string>
			<key>remoteGlobalIDString</key>
			<string>554DF41719D76FE7005708BE</string>
			<key>remoteInfo</key>
			<string>XCGLogger (OS X)</string>
		</dict>
		<key>D0D00F551BE2583C00457CB3</key>
		<dict>
			<key>fileType</key>
			<string>wrapper.framework</string>
			<key>isa</key>
			<string>PBXReferenceProxy</string>
			<key>path</key>
			<string>XCGLogger.framework</string>
			<key>remoteRef</key>
			<string>D0D00F541BE2583C00457CB3</string>
			<key>sourceTree</key>
			<string>BUILT_PRODUCTS_DIR</string>
		</dict>
		<key>D0D00F561BE2583C00457CB3</key>
		<dict>
			<key>containerPortal</key>
			<string>D0D00F491BE2583C00457CB3</string>
			<key>isa</key>
			<string>PBXContainerItemProxy</string>
			<key>proxyType</key>
			<string>2</string>
			<key>remoteGlobalIDString</key>
			<string>70CB94201B99E728007802FF</string>
			<key>remoteInfo</key>
			<string>XCGLogger (watchOS)</string>
		</dict>
		<key>D0D00F571BE2583C00457CB3</key>
		<dict>
			<key>fileType</key>
			<string>wrapper.framework</string>
			<key>isa</key>
			<string>PBXReferenceProxy</string>
			<key>path</key>
			<string>XCGLogger.framework</string>
			<key>remoteRef</key>
			<string>D0D00F561BE2583C00457CB3</string>
			<key>sourceTree</key>
			<string>BUILT_PRODUCTS_DIR</string>
		</dict>
		<key>D0D00F581BE2583C00457CB3</key>
		<dict>
			<key>containerPortal</key>
			<string>D0D00F491BE2583C00457CB3</string>
			<key>isa</key>
			<string>PBXContainerItemProxy</string>
			<key>proxyType</key>
			<string>2</string>
			<key>remoteGlobalIDString</key>
			<string>5515A3DF1BA119FA0047BA31</string>
			<key>remoteInfo</key>
			<string>XCGLogger (tvOS)</string>
		</dict>
		<key>D0D00F591BE2583C00457CB3</key>
		<dict>
			<key>fileType</key>
			<string>wrapper.framework</string>
			<key>isa</key>
			<string>PBXReferenceProxy</string>
			<key>path</key>
			<string>XCGLogger.framework</string>
			<key>remoteRef</key>
			<string>D0D00F581BE2583C00457CB3</string>
			<key>sourceTree</key>
			<string>BUILT_PRODUCTS_DIR</string>
		</dict>
		<key>D0D00F5A1BE2583C00457CB3</key>
		<dict>
			<key>containerPortal</key>
			<string>D0D00F491BE2583C00457CB3</string>
			<key>isa</key>
			<string>PBXContainerItemProxy</string>
			<key>proxyType</key>
			<string>2</string>
			<key>remoteGlobalIDString</key>
			<string>55E3EE5019D76F280068C3A7</string>
			<key>remoteInfo</key>
			<string>XCGLoggerTests (iOS)</string>
		</dict>
		<key>D0D00F5B1BE2583C00457CB3</key>
		<dict>
			<key>fileType</key>
			<string>wrapper.cfbundle</string>
			<key>isa</key>
			<string>PBXReferenceProxy</string>
			<key>path</key>
			<string>XCGLoggerTests (iOS).xctest</string>
			<key>remoteRef</key>
			<string>D0D00F5A1BE2583C00457CB3</string>
			<key>sourceTree</key>
			<string>BUILT_PRODUCTS_DIR</string>
		</dict>
		<key>D0D00F5C1BE2583C00457CB3</key>
		<dict>
			<key>containerPortal</key>
			<string>D0D00F491BE2583C00457CB3</string>
			<key>isa</key>
			<string>PBXContainerItemProxy</string>
			<key>proxyType</key>
			<string>2</string>
			<key>remoteGlobalIDString</key>
			<string>55BB1F011B79DC7500709779</string>
			<key>remoteInfo</key>
			<string>XCGLoggerTests (OS X)</string>
		</dict>
		<key>D0D00F5D1BE2583C00457CB3</key>
		<dict>
			<key>fileType</key>
			<string>wrapper.cfbundle</string>
			<key>isa</key>
			<string>PBXReferenceProxy</string>
			<key>path</key>
			<string>XCGLoggerTests (OS X).xctest</string>
			<key>remoteRef</key>
			<string>D0D00F5C1BE2583C00457CB3</string>
			<key>sourceTree</key>
			<string>BUILT_PRODUCTS_DIR</string>
		</dict>
		<key>D0D00F5E1BE2595C00457CB3</key>
		<dict>
			<key>fileRef</key>
			<string>D0D00F461BE2583200457CB3</string>
			<key>isa</key>
			<string>PBXBuildFile</string>
		</dict>
		<key>D0D00F5F1BE2595C00457CB3</key>
		<dict>
			<key>fileRef</key>
			<string>D0D00F531BE2583C00457CB3</string>
			<key>isa</key>
			<string>PBXBuildFile</string>
		</dict>
		<key>D3701204A14182D2E8AF5A18</key>
		<dict>
			<key>children</key>
			<array>
				<string>D0B5006E1C187B7E00A62873</string>
				<string>D0C7365C1BDAD30A00C28114</string>
				<string>D0C7365A1BDAD30400C28114</string>
				<string>D0C736561BDAD2FD00C28114</string>
				<string>D0C736571BDAD2FD00C28114</string>
				<string>D0C736541BDAD2F700C28114</string>
				<string>378B2608536512CA43083052</string>
			</array>
			<key>isa</key>
			<string>PBXGroup</string>
			<key>name</key>
			<string>Frameworks</string>
			<key>sourceTree</key>
			<string>&lt;group&gt;</string>
		</dict>
		<key>E3E39A145A29ABF3266C4C94</key>
		<dict>
			<key>buildActionMask</key>
			<string>2147483647</string>
			<key>files</key>
			<array/>
			<key>inputPaths</key>
			<array/>
			<key>isa</key>
			<string>PBXShellScriptBuildPhase</string>
			<key>name</key>
			<string>Copy Pods Resources</string>
			<key>outputPaths</key>
			<array/>
			<key>runOnlyForDeploymentPostprocessing</key>
			<string>0</string>
			<key>shellPath</key>
			<string>/bin/sh</string>
			<key>shellScript</key>
			<string>"${SRCROOT}/Pods/Target Support Files/Pods-SwiftTodos/Pods-SwiftTodos-resources.sh"
</string>
			<key>showEnvVarsInLog</key>
			<string>0</string>
		</dict>
		<key>EB1A7159F49993CC569C0E5C</key>
		<dict>
			<key>buildActionMask</key>
			<string>2147483647</string>
			<key>files</key>
			<array/>
			<key>inputPaths</key>
			<array/>
			<key>isa</key>
			<string>PBXShellScriptBuildPhase</string>
			<key>name</key>
			<string>Check Pods Manifest.lock</string>
			<key>outputPaths</key>
			<array/>
			<key>runOnlyForDeploymentPostprocessing</key>
			<string>0</string>
			<key>shellPath</key>
			<string>/bin/sh</string>
			<key>shellScript</key>
			<string>diff "${PODS_ROOT}/../Podfile.lock" "${PODS_ROOT}/Manifest.lock" &gt; /dev/null
if [[ $? != 0 ]] ; then
    cat &lt;&lt; EOM
error: The sandbox is not in sync with the Podfile.lock. Run 'pod install' or update your CocoaPods installation.
EOM
    exit 1
fi
</string>
			<key>showEnvVarsInLog</key>
			<string>0</string>
		</dict>
		<key>FDA0E316E14F7F98E392ADF6</key>
		<dict>
			<key>children</key>
			<array>
				<string>916E0E94D73639A603B41CFC</string>
				<string>9736C7BFDB1DFB8755DB33BE</string>
			</array>
			<key>isa</key>
			<string>PBXGroup</string>
			<key>name</key>
			<string>Pods</string>
			<key>sourceTree</key>
			<string>&lt;group&gt;</string>
		</dict>
	</dict>
	<key>rootObject</key>
	<string>D05BDCD01BD16FFE00968B5D</string>
</dict>
</plist>
