// !$*UTF8*$!
{
	archiveVersion = 1;
	classes = {
	};
	objectVersion = 46;
	objects = {

/* Begin PBXBuildFile section */
		D038EA6D1C20E4DD000FDE07 /* XCGLogger.framework in Frameworks */ = {isa = PBXBuildFile; fileRef = D038EA621C20E4B4000FDE07 /* XCGLogger.framework */; };
		D04D0DAD1C21C0FD000244D6 /* Todo.swift in Sources */ = {isa = PBXBuildFile; fileRef = D04D0DAC1C21C0FD000244D6 /* Todo.swift */; settings = {ASSET_TAGS = (); }; };
		D04D0DB71C21C124000244D6 /* List.swift in Sources */ = {isa = PBXBuildFile; fileRef = D04D0DB61C21C124000244D6 /* List.swift */; settings = {ASSET_TAGS = (); }; };
		D05BDCDC1BD16FFE00968B5D /* AppDelegate.swift in Sources */ = {isa = PBXBuildFile; fileRef = D05BDCDB1BD16FFE00968B5D /* AppDelegate.swift */; };
		D05BDCE11BD16FFE00968B5D /* Main.storyboard in Resources */ = {isa = PBXBuildFile; fileRef = D05BDCDF1BD16FFE00968B5D /* Main.storyboard */; };
		D05BDCE61BD16FFE00968B5D /* LaunchScreen.storyboard in Resources */ = {isa = PBXBuildFile; fileRef = D05BDCE41BD16FFE00968B5D /* LaunchScreen.storyboard */; };
		D05BDCF01BD18DC100968B5D /* Lists.swift in Sources */ = {isa = PBXBuildFile; fileRef = D05BDCEF1BD18DC100968B5D /* Lists.swift */; settings = {ASSET_TAGS = (); }; };
		D05BDCF31BD1A06B00968B5D /* Todos.swift in Sources */ = {isa = PBXBuildFile; fileRef = D05BDCF21BD1A06B00968B5D /* Todos.swift */; settings = {ASSET_TAGS = (); }; };
		D05BDCF71BD1A32200968B5D /* Assets.xcassets in Resources */ = {isa = PBXBuildFile; fileRef = D05BDCF61BD1A32200968B5D /* Assets.xcassets */; settings = {ASSET_TAGS = (); }; };
		D05BDCF91BD2A4A000968B5D /* SignIn.swift in Sources */ = {isa = PBXBuildFile; fileRef = D05BDCF81BD2A4A000968B5D /* SignIn.swift */; settings = {ASSET_TAGS = (); }; };
		D05BDCFB1BD2A4CE00968B5D /* SignUp.swift in Sources */ = {isa = PBXBuildFile; fileRef = D05BDCFA1BD2A4CE00968B5D /* SignUp.swift */; settings = {ASSET_TAGS = (); }; };
		D0C0355B1C20CD9E00A2447B /* SwiftDDP.framework in Frameworks */ = {isa = PBXBuildFile; fileRef = D0C035581C20CD9100A2447B /* SwiftDDP.framework */; };
/* End PBXBuildFile section */

/* Begin PBXContainerItemProxy section */
		D038EA611C20E4B4000FDE07 /* PBXContainerItemProxy */ = {
			isa = PBXContainerItemProxy;
			containerPortal = D038EA561C20E4B4000FDE07 /* XCGLogger.xcodeproj */;
			proxyType = 2;
			remoteGlobalIDString = 55E3EE4519D76F280068C3A7;
			remoteInfo = "XCGLogger (iOS)";
		};
		D038EA631C20E4B4000FDE07 /* PBXContainerItemProxy */ = {
			isa = PBXContainerItemProxy;
			containerPortal = D038EA561C20E4B4000FDE07 /* XCGLogger.xcodeproj */;
			proxyType = 2;
			remoteGlobalIDString = 554DF41719D76FE7005708BE;
			remoteInfo = "XCGLogger (OS X)";
		};
		D038EA651C20E4B4000FDE07 /* PBXContainerItemProxy */ = {
			isa = PBXContainerItemProxy;
			containerPortal = D038EA561C20E4B4000FDE07 /* XCGLogger.xcodeproj */;
			proxyType = 2;
			remoteGlobalIDString = 70CB94201B99E728007802FF;
			remoteInfo = "XCGLogger (watchOS)";
		};
		D038EA671C20E4B4000FDE07 /* PBXContainerItemProxy */ = {
			isa = PBXContainerItemProxy;
			containerPortal = D038EA561C20E4B4000FDE07 /* XCGLogger.xcodeproj */;
			proxyType = 2;
			remoteGlobalIDString = 5515A3DF1BA119FA0047BA31;
			remoteInfo = "XCGLogger (tvOS)";
		};
		D038EA691C20E4B4000FDE07 /* PBXContainerItemProxy */ = {
			isa = PBXContainerItemProxy;
			containerPortal = D038EA561C20E4B4000FDE07 /* XCGLogger.xcodeproj */;
			proxyType = 2;
			remoteGlobalIDString = 55E3EE5019D76F280068C3A7;
			remoteInfo = "XCGLoggerTests (iOS)";
		};
		D038EA6B1C20E4B4000FDE07 /* PBXContainerItemProxy */ = {
			isa = PBXContainerItemProxy;
			containerPortal = D038EA561C20E4B4000FDE07 /* XCGLogger.xcodeproj */;
			proxyType = 2;
			remoteGlobalIDString = 55BB1F011B79DC7500709779;
			remoteInfo = "XCGLoggerTests (OS X)";
		};
		D0C035571C20CD9100A2447B /* PBXContainerItemProxy */ = {
			isa = PBXContainerItemProxy;
			containerPortal = D0C035511C20CD9100A2447B /* SwiftDDP.xcodeproj */;
			proxyType = 2;
			remoteGlobalIDString = D02A71DC1BBEFBCA00940C17;
			remoteInfo = SwiftDDP;
		};
		D0C035591C20CD9100A2447B /* PBXContainerItemProxy */ = {
			isa = PBXContainerItemProxy;
			containerPortal = D0C035511C20CD9100A2447B /* SwiftDDP.xcodeproj */;
			proxyType = 2;
			remoteGlobalIDString = D02A72531BBF07AF00940C17;
			remoteInfo = SwiftDDPTests;
		};
/* End PBXContainerItemProxy section */

/* Begin PBXFileReference section */
		D038EA561C20E4B4000FDE07 /* XCGLogger.xcodeproj */ = {isa = PBXFileReference; lastKnownFileType = "wrapper.pb-project"; name = XCGLogger.xcodeproj; path = XCGLogger/XCGLogger/Library/XCGLogger.xcodeproj; sourceTree = "<group>"; };
		D04D0DAC1C21C0FD000244D6 /* Todo.swift */ = {isa = PBXFileReference; fileEncoding = 4; lastKnownFileType = sourcecode.swift; path = Todo.swift; sourceTree = "<group>"; };
		D04D0DB61C21C124000244D6 /* List.swift */ = {isa = PBXFileReference; fileEncoding = 4; lastKnownFileType = sourcecode.swift; path = List.swift; sourceTree = "<group>"; };
		D05BDCD81BD16FFE00968B5D /* SwiftTodos.app */ = {isa = PBXFileReference; explicitFileType = wrapper.application; includeInIndex = 0; path = SwiftTodos.app; sourceTree = BUILT_PRODUCTS_DIR; };
		D05BDCDB1BD16FFE00968B5D /* AppDelegate.swift */ = {isa = PBXFileReference; lastKnownFileType = sourcecode.swift; path = AppDelegate.swift; sourceTree = "<group>"; };
		D05BDCE01BD16FFE00968B5D /* Base */ = {isa = PBXFileReference; lastKnownFileType = file.storyboard; name = Base; path = Base.lproj/Main.storyboard; sourceTree = "<group>"; };
		D05BDCE51BD16FFE00968B5D /* Base */ = {isa = PBXFileReference; lastKnownFileType = file.storyboard; name = Base; path = Base.lproj/LaunchScreen.storyboard; sourceTree = "<group>"; };
		D05BDCE71BD16FFE00968B5D /* Info.plist */ = {isa = PBXFileReference; lastKnownFileType = text.plist.xml; path = Info.plist; sourceTree = "<group>"; };
		D05BDCEF1BD18DC100968B5D /* Lists.swift */ = {isa = PBXFileReference; fileEncoding = 4; lastKnownFileType = sourcecode.swift; path = Lists.swift; sourceTree = "<group>"; };
		D05BDCF21BD1A06B00968B5D /* Todos.swift */ = {isa = PBXFileReference; fileEncoding = 4; lastKnownFileType = sourcecode.swift; path = Todos.swift; sourceTree = "<group>"; };
		D05BDCF61BD1A32200968B5D /* Assets.xcassets */ = {isa = PBXFileReference; lastKnownFileType = folder.assetcatalog; name = Assets.xcassets; path = ../Assets.xcassets; sourceTree = "<group>"; };
		D05BDCF81BD2A4A000968B5D /* SignIn.swift */ = {isa = PBXFileReference; fileEncoding = 4; lastKnownFileType = sourcecode.swift; path = SignIn.swift; sourceTree = "<group>"; };
		D05BDCFA1BD2A4CE00968B5D /* SignUp.swift */ = {isa = PBXFileReference; fileEncoding = 4; lastKnownFileType = sourcecode.swift; path = SignUp.swift; sourceTree = "<group>"; };
		D0C035511C20CD9100A2447B /* SwiftDDP.xcodeproj */ = {isa = PBXFileReference; lastKnownFileType = "wrapper.pb-project"; name = SwiftDDP.xcodeproj; path = SwiftDDP/SwiftDDP.xcodeproj; sourceTree = "<group>"; };
/* End PBXFileReference section */

/* Begin PBXFrameworksBuildPhase section */
		D05BDCD51BD16FFE00968B5D /* Frameworks */ = {
			isa = PBXFrameworksBuildPhase;
			buildActionMask = 2147483647;
			files = (
				D038EA6D1C20E4DD000FDE07 /* XCGLogger.framework in Frameworks */,
				D0C0355B1C20CD9E00A2447B /* SwiftDDP.framework in Frameworks */,
			);
			runOnlyForDeploymentPostprocessing = 0;
		};
/* End PBXFrameworksBuildPhase section */

/* Begin PBXGroup section */
		D038EA571C20E4B4000FDE07 /* Products */ = {
			isa = PBXGroup;
			children = (
				D038EA621C20E4B4000FDE07 /* XCGLogger.framework */,
				D038EA641C20E4B4000FDE07 /* XCGLogger.framework */,
				D038EA661C20E4B4000FDE07 /* XCGLogger.framework */,
				D038EA681C20E4B4000FDE07 /* XCGLogger.framework */,
				D038EA6A1C20E4B4000FDE07 /* XCGLoggerTests (iOS).xctest */,
				D038EA6C1C20E4B4000FDE07 /* XCGLoggerTests (OS X).xctest */,
			);
			name = Products;
			sourceTree = "<group>";
		};
		D05BDCCF1BD16FFE00968B5D = {
			isa = PBXGroup;
			children = (
				D0C035511C20CD9100A2447B /* SwiftDDP.xcodeproj */,
				D038EA561C20E4B4000FDE07 /* XCGLogger.xcodeproj */,
				D05BDCDA1BD16FFE00968B5D /* SwiftTodos */,
				D05BDCD91BD16FFE00968B5D /* Products */,
				D3701204A14182D2E8AF5A18 /* Frameworks */,
			);
			sourceTree = "<group>";
		};
		D05BDCD91BD16FFE00968B5D /* Products */ = {
			isa = PBXGroup;
			children = (
				D05BDCD81BD16FFE00968B5D /* SwiftTodos.app */,
			);
			name = Products;
			sourceTree = "<group>";
		};
		D05BDCDA1BD16FFE00968B5D /* SwiftTodos */ = {
			isa = PBXGroup;
			children = (
				D05BDCDB1BD16FFE00968B5D /* AppDelegate.swift */,
				D04D0DB61C21C124000244D6 /* List.swift */,
				D05BDCEF1BD18DC100968B5D /* Lists.swift */,
				D04D0DAC1C21C0FD000244D6 /* Todo.swift */,
				D05BDCF21BD1A06B00968B5D /* Todos.swift */,
				D05BDCF81BD2A4A000968B5D /* SignIn.swift */,
				D05BDCFA1BD2A4CE00968B5D /* SignUp.swift */,
				D05BDCDF1BD16FFE00968B5D /* Main.storyboard */,
				D05BDCF61BD1A32200968B5D /* Assets.xcassets */,
				D05BDCE41BD16FFE00968B5D /* LaunchScreen.storyboard */,
				D05BDCE71BD16FFE00968B5D /* Info.plist */,
			);
			path = SwiftTodos;
			sourceTree = "<group>";
		};
		D0C035521C20CD9100A2447B /* Products */ = {
			isa = PBXGroup;
			children = (
				D0C035581C20CD9100A2447B /* SwiftDDP.framework */,
				D0C0355A1C20CD9100A2447B /* SwiftDDPTests.xctest */,
			);
			name = Products;
			sourceTree = "<group>";
		};
		D3701204A14182D2E8AF5A18 /* Frameworks */ = {
			isa = PBXGroup;
			children = (
			);
			name = Frameworks;
			sourceTree = "<group>";
		};
/* End PBXGroup section */

/* Begin PBXNativeTarget section */
		D05BDCD71BD16FFE00968B5D /* SwiftTodos */ = {
			isa = PBXNativeTarget;
			buildConfigurationList = D05BDCEA1BD16FFE00968B5D /* Build configuration list for PBXNativeTarget "SwiftTodos" */;
			buildPhases = (
				D05BDCD41BD16FFE00968B5D /* Sources */,
				D05BDCD51BD16FFE00968B5D /* Frameworks */,
				D05BDCD61BD16FFE00968B5D /* Resources */,
			);
			buildRules = (
			);
			dependencies = (
			);
			name = SwiftTodos;
			productName = SwiftTodos;
			productReference = D05BDCD81BD16FFE00968B5D /* SwiftTodos.app */;
			productType = "com.apple.product-type.application";
		};
/* End PBXNativeTarget section */

/* Begin PBXProject section */
		D05BDCD01BD16FFE00968B5D /* Project object */ = {
			isa = PBXProject;
			attributes = {
				LastUpgradeCheck = 0700;
				ORGANIZATIONNAME = "Peter Siegesmund";
				TargetAttributes = {
					D05BDCD71BD16FFE00968B5D = {
						CreatedOnToolsVersion = 7.0;
					};
				};
			};
			buildConfigurationList = D05BDCD31BD16FFE00968B5D /* Build configuration list for PBXProject "SwiftTodos" */;
			compatibilityVersion = "Xcode 3.2";
			developmentRegion = English;
			hasScannedForEncodings = 0;
			knownRegions = (
				en,
				Base,
			);
			mainGroup = D05BDCCF1BD16FFE00968B5D;
			productRefGroup = D05BDCD91BD16FFE00968B5D /* Products */;
			projectDirPath = "";
			projectReferences = (
				{
					ProductGroup = D0C035521C20CD9100A2447B /* Products */;
					ProjectRef = D0C035511C20CD9100A2447B /* SwiftDDP.xcodeproj */;
				},
				{
					ProductGroup = D038EA571C20E4B4000FDE07 /* Products */;
					ProjectRef = D038EA561C20E4B4000FDE07 /* XCGLogger.xcodeproj */;
				},
			);
			projectRoot = "";
			targets = (
				D05BDCD71BD16FFE00968B5D /* SwiftTodos */,
			);
		};
/* End PBXProject section */

/* Begin PBXReferenceProxy section */
		D038EA621C20E4B4000FDE07 /* XCGLogger.framework */ = {
			isa = PBXReferenceProxy;
			fileType = wrapper.framework;
			path = XCGLogger.framework;
			remoteRef = D038EA611C20E4B4000FDE07 /* PBXContainerItemProxy */;
			sourceTree = BUILT_PRODUCTS_DIR;
		};
		D038EA641C20E4B4000FDE07 /* XCGLogger.framework */ = {
			isa = PBXReferenceProxy;
			fileType = wrapper.framework;
			path = XCGLogger.framework;
			remoteRef = D038EA631C20E4B4000FDE07 /* PBXContainerItemProxy */;
			sourceTree = BUILT_PRODUCTS_DIR;
		};
		D038EA661C20E4B4000FDE07 /* XCGLogger.framework */ = {
			isa = PBXReferenceProxy;
			fileType = wrapper.framework;
			path = XCGLogger.framework;
			remoteRef = D038EA651C20E4B4000FDE07 /* PBXContainerItemProxy */;
			sourceTree = BUILT_PRODUCTS_DIR;
		};
		D038EA681C20E4B4000FDE07 /* XCGLogger.framework */ = {
			isa = PBXReferenceProxy;
			fileType = wrapper.framework;
			path = XCGLogger.framework;
			remoteRef = D038EA671C20E4B4000FDE07 /* PBXContainerItemProxy */;
			sourceTree = BUILT_PRODUCTS_DIR;
		};
		D038EA6A1C20E4B4000FDE07 /* XCGLoggerTests (iOS).xctest */ = {
			isa = PBXReferenceProxy;
			fileType = wrapper.cfbundle;
			path = "XCGLoggerTests (iOS).xctest";
			remoteRef = D038EA691C20E4B4000FDE07 /* PBXContainerItemProxy */;
			sourceTree = BUILT_PRODUCTS_DIR;
		};
		D038EA6C1C20E4B4000FDE07 /* XCGLoggerTests (OS X).xctest */ = {
			isa = PBXReferenceProxy;
			fileType = wrapper.cfbundle;
			path = "XCGLoggerTests (OS X).xctest";
			remoteRef = D038EA6B1C20E4B4000FDE07 /* PBXContainerItemProxy */;
			sourceTree = BUILT_PRODUCTS_DIR;
		};
		D0C035581C20CD9100A2447B /* SwiftDDP.framework */ = {
			isa = PBXReferenceProxy;
			fileType = wrapper.framework;
			path = SwiftDDP.framework;
			remoteRef = D0C035571C20CD9100A2447B /* PBXContainerItemProxy */;
			sourceTree = BUILT_PRODUCTS_DIR;
		};
		D0C0355A1C20CD9100A2447B /* SwiftDDPTests.xctest */ = {
			isa = PBXReferenceProxy;
			fileType = wrapper.cfbundle;
			path = SwiftDDPTests.xctest;
			remoteRef = D0C035591C20CD9100A2447B /* PBXContainerItemProxy */;
			sourceTree = BUILT_PRODUCTS_DIR;
		};
/* End PBXReferenceProxy section */

/* Begin PBXResourcesBuildPhase section */
		D05BDCD61BD16FFE00968B5D /* Resources */ = {
			isa = PBXResourcesBuildPhase;
			buildActionMask = 2147483647;
			files = (
				D05BDCE61BD16FFE00968B5D /* LaunchScreen.storyboard in Resources */,
				D05BDCF71BD1A32200968B5D /* Assets.xcassets in Resources */,
				D05BDCE11BD16FFE00968B5D /* Main.storyboard in Resources */,
			);
			runOnlyForDeploymentPostprocessing = 0;
		};
/* End PBXResourcesBuildPhase section */

/* Begin PBXSourcesBuildPhase section */
		D05BDCD41BD16FFE00968B5D /* Sources */ = {
			isa = PBXSourcesBuildPhase;
			buildActionMask = 2147483647;
			files = (
				D04D0DAD1C21C0FD000244D6 /* Todo.swift in Sources */,
				D04D0DB71C21C124000244D6 /* List.swift in Sources */,
				D05BDCFB1BD2A4CE00968B5D /* SignUp.swift in Sources */,
				D05BDCF01BD18DC100968B5D /* Lists.swift in Sources */,
				D05BDCF91BD2A4A000968B5D /* SignIn.swift in Sources */,
				D05BDCDC1BD16FFE00968B5D /* AppDelegate.swift in Sources */,
				D05BDCF31BD1A06B00968B5D /* Todos.swift in Sources */,
			);
			runOnlyForDeploymentPostprocessing = 0;
		};
/* End PBXSourcesBuildPhase section */

/* Begin PBXVariantGroup section */
		D05BDCDF1BD16FFE00968B5D /* Main.storyboard */ = {
			isa = PBXVariantGroup;
			children = (
				D05BDCE01BD16FFE00968B5D /* Base */,
			);
			name = Main.storyboard;
			sourceTree = "<group>";
		};
		D05BDCE41BD16FFE00968B5D /* LaunchScreen.storyboard */ = {
			isa = PBXVariantGroup;
			children = (
				D05BDCE51BD16FFE00968B5D /* Base */,
			);
			name = LaunchScreen.storyboard;
			sourceTree = "<group>";
		};
/* End PBXVariantGroup section */

/* Begin XCBuildConfiguration section */
		D05BDCE81BD16FFE00968B5D /* Debug */ = {
			isa = XCBuildConfiguration;
			buildSettings = {
				ALWAYS_SEARCH_USER_PATHS = NO;
				CLANG_CXX_LANGUAGE_STANDARD = "gnu++0x";
				CLANG_CXX_LIBRARY = "libc++";
				CLANG_ENABLE_MODULES = YES;
				CLANG_ENABLE_OBJC_ARC = YES;
				CLANG_WARN_BOOL_CONVERSION = YES;
				CLANG_WARN_CONSTANT_CONVERSION = YES;
				CLANG_WARN_DIRECT_OBJC_ISA_USAGE = YES_ERROR;
				CLANG_WARN_EMPTY_BODY = YES;
				CLANG_WARN_ENUM_CONVERSION = YES;
				CLANG_WARN_INT_CONVERSION = YES;
				CLANG_WARN_OBJC_ROOT_CLASS = YES_ERROR;
				CLANG_WARN_UNREACHABLE_CODE = YES;
				CLANG_WARN__DUPLICATE_METHOD_MATCH = YES;
				"CODE_SIGN_IDENTITY[sdk=iphoneos*]" = "iPhone Developer";
				COPY_PHASE_STRIP = NO;
				DEBUG_INFORMATION_FORMAT = dwarf;
				ENABLE_STRICT_OBJC_MSGSEND = YES;
				ENABLE_TESTABILITY = YES;
				GCC_C_LANGUAGE_STANDARD = gnu99;
				GCC_DYNAMIC_NO_PIC = NO;
				GCC_NO_COMMON_BLOCKS = YES;
				GCC_OPTIMIZATION_LEVEL = 0;
				GCC_PREPROCESSOR_DEFINITIONS = (
					"DEBUG=1",
					"$(inherited)",
				);
				GCC_WARN_64_TO_32_BIT_CONVERSION = YES;
				GCC_WARN_ABOUT_RETURN_TYPE = YES_ERROR;
				GCC_WARN_UNDECLARED_SELECTOR = YES;
				GCC_WARN_UNINITIALIZED_AUTOS = YES_AGGRESSIVE;
				GCC_WARN_UNUSED_FUNCTION = YES;
				GCC_WARN_UNUSED_VARIABLE = YES;
				IPHONEOS_DEPLOYMENT_TARGET = 9.0;
				MTL_ENABLE_DEBUG_INFO = YES;
				ONLY_ACTIVE_ARCH = YES;
				SDKROOT = iphoneos;
				SWIFT_OPTIMIZATION_LEVEL = "-Onone";
				TARGETED_DEVICE_FAMILY = "1,2";
			};
			name = Debug;
		};
		D05BDCE91BD16FFE00968B5D /* Release */ = {
			isa = XCBuildConfiguration;
			buildSettings = {
				ALWAYS_SEARCH_USER_PATHS = NO;
				CLANG_CXX_LANGUAGE_STANDARD = "gnu++0x";
				CLANG_CXX_LIBRARY = "libc++";
				CLANG_ENABLE_MODULES = YES;
				CLANG_ENABLE_OBJC_ARC = YES;
				CLANG_WARN_BOOL_CONVERSION = YES;
				CLANG_WARN_CONSTANT_CONVERSION = YES;
				CLANG_WARN_DIRECT_OBJC_ISA_USAGE = YES_ERROR;
				CLANG_WARN_EMPTY_BODY = YES;
				CLANG_WARN_ENUM_CONVERSION = YES;
				CLANG_WARN_INT_CONVERSION = YES;
				CLANG_WARN_OBJC_ROOT_CLASS = YES_ERROR;
				CLANG_WARN_UNREACHABLE_CODE = YES;
				CLANG_WARN__DUPLICATE_METHOD_MATCH = YES;
				"CODE_SIGN_IDENTITY[sdk=iphoneos*]" = "iPhone Developer";
				COPY_PHASE_STRIP = NO;
				DEBUG_INFORMATION_FORMAT = "dwarf-with-dsym";
				ENABLE_NS_ASSERTIONS = NO;
				ENABLE_STRICT_OBJC_MSGSEND = YES;
				GCC_C_LANGUAGE_STANDARD = gnu99;
				GCC_NO_COMMON_BLOCKS = YES;
				GCC_WARN_64_TO_32_BIT_CONVERSION = YES;
				GCC_WARN_ABOUT_RETURN_TYPE = YES_ERROR;
				GCC_WARN_UNDECLARED_SELECTOR = YES;
				GCC_WARN_UNINITIALIZED_AUTOS = YES_AGGRESSIVE;
				GCC_WARN_UNUSED_FUNCTION = YES;
				GCC_WARN_UNUSED_VARIABLE = YES;
				IPHONEOS_DEPLOYMENT_TARGET = 9.0;
				MTL_ENABLE_DEBUG_INFO = NO;
				SDKROOT = iphoneos;
				TARGETED_DEVICE_FAMILY = "1,2";
				VALIDATE_PRODUCT = YES;
			};
			name = Release;
		};
		D05BDCEB1BD16FFE00968B5D /* Debug */ = {
			isa = XCBuildConfiguration;
			buildSettings = {
				ASSETCATALOG_COMPILER_APPICON_NAME = AppIcon;
				FRAMEWORK_SEARCH_PATHS = (
					"$(inherited)",
					"$(PROJECT_DIR)/Carthage/Build/iOS",
				);
				INFOPLIST_FILE = SwiftTodos/Info.plist;
				IPHONEOS_DEPLOYMENT_TARGET = 9.0;
				LD_RUNPATH_SEARCH_PATHS = "$(inherited) @executable_path/Frameworks";
				PRODUCT_BUNDLE_IDENTIFIER = io.houndfish.SwiftTodos;
				PRODUCT_NAME = "$(TARGET_NAME)";
			};
			name = Debug;
		};
		D05BDCEC1BD16FFE00968B5D /* Release */ = {
			isa = XCBuildConfiguration;
			buildSettings = {
				ASSETCATALOG_COMPILER_APPICON_NAME = AppIcon;
				FRAMEWORK_SEARCH_PATHS = (
					"$(inherited)",
					"$(PROJECT_DIR)/Carthage/Build/iOS",
				);
				INFOPLIST_FILE = SwiftTodos/Info.plist;
				IPHONEOS_DEPLOYMENT_TARGET = 9.0;
				LD_RUNPATH_SEARCH_PATHS = "$(inherited) @executable_path/Frameworks";
				PRODUCT_BUNDLE_IDENTIFIER = io.houndfish.SwiftTodos;
				PRODUCT_NAME = "$(TARGET_NAME)";
			};
			name = Release;
		};
/* End XCBuildConfiguration section */

/* Begin XCConfigurationList section */
		D05BDCD31BD16FFE00968B5D /* Build configuration list for PBXProject "SwiftTodos" */ = {
			isa = XCConfigurationList;
			buildConfigurations = (
				D05BDCE81BD16FFE00968B5D /* Debug */,
				D05BDCE91BD16FFE00968B5D /* Release */,
			);
			defaultConfigurationIsVisible = 0;
			defaultConfigurationName = Release;
		};
		D05BDCEA1BD16FFE00968B5D /* Build configuration list for PBXNativeTarget "SwiftTodos" */ = {
			isa = XCConfigurationList;
			buildConfigurations = (
				D05BDCEB1BD16FFE00968B5D /* Debug */,
				D05BDCEC1BD16FFE00968B5D /* Release */,
			);
			defaultConfigurationIsVisible = 0;
			defaultConfigurationName = Release;
		};
/* End XCConfigurationList section */
	};
	rootObject = D05BDCD01BD16FFE00968B5D /* Project object */;
}
